
Microsoft Visual Studio Solution File, Format Version 12.00
# Visual Studio 2015
Project("{FAE04EC0-301F-11D3-BF4B-00C04F79EFBC}") = "DeckbuilderRoguelike.CSharp", "DeckbuilderRoguelike.CSharp.csproj", "{BB349AA2-DE5A-9B04-E8CE-DAAB1E15FE37}"
EndProject
Project("{FAE04EC0-301F-11D3-BF4B-00C04F79EFBC}") = "DeckbuilderRoguelike.CSharp.Editor", "DeckbuilderRoguelike.CSharp.Editor.csproj", "{9F8FCC5F-054E-F7A4-44BD-898C80FACB25}"
EndProject
Global
	GlobalSection(SolutionConfigurationPlatforms) = preSolution
		Debug|Any CPU = Debug|Any CPU
		Release|Any CPU = Release|Any CPU
	EndGlobalSection
	GlobalSection(ProjectConfigurationPlatforms) = postSolution
		{BB349AA2-DE5A-9B04-E8CE-DAAB1E15FE37}.Debug|Any CPU.ActiveCfg = Debug|Any CPU
		{BB349AA2-DE5A-9B04-E8CE-DAAB1E15FE37}.Debug|Any CPU.Build.0 = Debug|Any CPU
		{BB349AA2-DE5A-9B04-E8CE-DAAB1E15FE37}.Release|Any CPU.ActiveCfg = Release|Any CPU
		{BB349AA2-DE5A-9B04-E8CE-DAAB1E15FE37}.Release|Any CPU.Build.0 = Release|Any CPU
		{9F8FCC5F-054E-F7A4-44BD-898C80FACB25}.Debug|Any CPU.ActiveCfg = Debug|Any CPU
		{9F8FCC5F-054E-F7A4-44BD-898C80FACB25}.Debug|Any CPU.Build.0 = Debug|Any CPU
		{9F8FCC5F-054E-F7A4-44BD-898C80FACB25}.Release|Any CPU.ActiveCfg = Release|Any CPU
		{9F8FCC5F-054E-F7A4-44BD-898C80FACB25}.Release|Any CPU.Build.0 = Release|Any CPU
	EndGlobalSection
	GlobalSection(SolutionProperties) = preSolution
		HideSolutionNode = FALSE
	EndGlobalSection
EndGlobal
