
Microsoft Visual Studio Solution File, Format Version 12.00
# Visual Studio 2015
Project("{FAE04EC0-301F-11D3-BF4B-00C04F79EFBC}") = "DeckbuilderRoguelike", "DeckbuilderRoguelike.csproj", "{B0ED0C3A-6DF8-78E1-ADA1-E30CD7ED56A4}"
EndProject
Project("{FAE04EC0-301F-11D3-BF4B-00C04F79EFBC}") = "DeckbuilderRoguelike.Editor", "DeckbuilderRoguelike.Editor.csproj", "{9FEB2939-0438-7EEF-DF92-A387A3655A09}"
EndProject
Global
	GlobalSection(SolutionConfigurationPlatforms) = preSolution
		Debug|Any CPU = Debug|Any CPU
		Release|Any CPU = Release|Any CPU
	EndGlobalSection
	GlobalSection(ProjectConfigurationPlatforms) = postSolution
		{B0ED0C3A-6DF8-78E1-ADA1-E30CD7ED56A4}.Debug|Any CPU.ActiveCfg = Debug|Any CPU
		{B0ED0C3A-6DF8-78E1-ADA1-E30CD7ED56A4}.Debug|Any CPU.Build.0 = Debug|Any CPU
		{B0ED0C3A-6DF8-78E1-ADA1-E30CD7ED56A4}.Release|Any CPU.ActiveCfg = Release|Any CPU
		{B0ED0C3A-6DF8-78E1-ADA1-E30CD7ED56A4}.Release|Any CPU.Build.0 = Release|Any CPU
		{9FEB2939-0438-7EEF-DF92-A387A3655A09}.Debug|Any CPU.ActiveCfg = Debug|Any CPU
		{9FEB2939-0438-7EEF-DF92-A387A3655A09}.Debug|Any CPU.Build.0 = Debug|Any CPU
		{9FEB2939-0438-7EEF-DF92-A387A3655A09}.Release|Any CPU.ActiveCfg = Release|Any CPU
		{9FEB2939-0438-7EEF-DF92-A387A3655A09}.Release|Any CPU.Build.0 = Release|Any CPU
	EndGlobalSection
	GlobalSection(SolutionProperties) = preSolution
		HideSolutionNode = FALSE
	EndGlobalSection
EndGlobal
